PODS:
  - Flutter (1.0.0)
  - fluwx (0.0.1):
    - Flutter

DEPENDENCIES:
  - Flutter (from `.symlinks/flutter/ios-release`)
  - fluwx (from `.symlinks/plugins/fluwx/ios`)

EXTERNAL SOURCES:
  Flutter:
    :path: ".symlinks/flutter/ios-release"
  fluwx:
    :path: ".symlinks/plugins/fluwx/ios"

SPEC CHECKSUMS:
  Flutter: 9d0fac939486c9aba2809b7982dfdbb47a7b0296
  fluwx: 9cbb1181ef8fd772f7388714ec9b5dfd3a5d0108

PODFILE CHECKSUM: 348e15598a1c6ea25d3ed63919d5ffb9bd1c2ba6

COCOAPODS: 1.5.3
