PODS:
  - Flutter (1.0.0)
  - fluwx (0.0.1):
    - Flutter
    - fluwx/pay (= 0.0.1)
  - fluwx/pay (0.0.1):
    - Flutter
    - WechatOpenSDK-XCFramework (~> 2.0.5)
  - WechatOpenSDK-XCFramework (2.0.5)

DEPENDENCIES:
  - Flutter (from `Flutter`)
  - fluwx (from `.symlinks/plugins/fluwx/ios`)

SPEC REPOS:
  trunk:
    - WechatOpenSDK-XCFramework

EXTERNAL SOURCES:
  Flutter:
    :path: Flutter
  fluwx:
    :path: ".symlinks/plugins/fluwx/ios"

SPEC CHECKSUMS:
  Flutter: cabc95a1d2626b1b06e7179b784ebcf0c0cde467
  fluwx: 6f0b28c68aef77900ef67728e66091cd8022739f
  WechatOpenSDK-XCFramework: ff342ae616bb86df3d236aca38059dfd4bc4a949

PODFILE CHECKSUM: a3b6f034f0d79a209652621b979bc9d6707da7a1

COCOAPODS: 1.16.2
